// !$*UTF8*$!
{
	archiveVersion = 1;
	classes = {
	};
	objectVersion = 56;
	objects = {

/* Begin PBXBuildFile section */
		16A29F4651ED44D30CF74483 /* Pods_checklist_for_trip.framework in Frameworks */ = {isa = PBXBuildFile; fileRef = 56D38B08C8D453341471EA50 /* Pods_checklist_for_trip.framework */; };
		B872A16928FB35C000C97D09 /* AppDelegate.swift in Sources */ = {isa = PBXBuildFile; fileRef = B872A16828FB35C000C97D09 /* AppDelegate.swift */; };
		B872A16B28FB35C000C97D09 /* SceneDelegate.swift in Sources */ = {isa = PBXBuildFile; fileRef = B872A16A28FB35C000C97D09 /* SceneDelegate.swift */; };
		B872A16D28FB35C000C97D09 /* SignUpViewController.swift in Sources */ = {isa = PBXBuildFile; fileRef = B872A16C28FB35C000C97D09 /* SignUpViewController.swift */; };
		B872A17028FB35C000C97D09 /* Main.storyboard in Resources */ = {isa = PBXBuildFile; fileRef = B872A16E28FB35C000C97D09 /* Main.storyboard */; };
		B872A17228FB35C800C97D09 /* Assets.xcassets in Resources */ = {isa = PBXBuildFile; fileRef = B872A17128FB35C800C97D09 /* Assets.xcassets */; };
		B872A17528FB35C800C97D09 /* LaunchScreen.storyboard in Resources */ = {isa = PBXBuildFile; fileRef = B872A17328FB35C800C97D09 /* LaunchScreen.storyboard */; };
		B874C85728FB4587003DFF7C /* PlacesViewController.swift in Sources */ = {isa = PBXBuildFile; fileRef = B874C85628FB4587003DFF7C /* PlacesViewController.swift */; };
		B874C85928FB54EA003DFF7C /* AddPlaceViewController.swift in Sources */ = {isa = PBXBuildFile; fileRef = B874C85828FB54EA003DFF7C /* AddPlaceViewController.swift */; };
		B874C85B28FB5AE0003DFF7C /* MapViewController.swift in Sources */ = {isa = PBXBuildFile; fileRef = B874C85A28FB5AE0003DFF7C /* MapViewController.swift */; };
		B8D7B3E728FB64B800AE91C9 /* DetailsViewController.swift in Sources */ = {isa = PBXBuildFile; fileRef = B8D7B3E628FB64B800AE91C9 /* DetailsViewController.swift */; };
		B8D7B3E928FB6C3300AE91C9 /* PlaceModel.swift in Sources */ = {isa = PBXBuildFile; fileRef = B8D7B3E828FB6C3300AE91C9 /* PlaceModel.swift */; };
		B8D7B3EB28FE06A900AE91C9 /* VisitedPlacesViewController.swift in Sources */ = {isa = PBXBuildFile; fileRef = B8D7B3EA28FE06A900AE91C9 /* VisitedPlacesViewController.swift */; };
/* End PBXBuildFile section */

/* Begin PBXFileReference section */
		10EBFEC49BA4C9302D575E18 /* Pods-checklist-for-trip.debug.xcconfig */ = {isa = PBXFileReference; includeInIndex = 1; lastKnownFileType = text.xcconfig; name = "Pods-checklist-for-trip.debug.xcconfig"; path = "Target Support Files/Pods-checklist-for-trip/Pods-checklist-for-trip.debug.xcconfig"; sourceTree = "<group>"; };
		24F7EC3D0FD6A3622527B0B5 /* Pods-checklist-for-trip.release.xcconfig */ = {isa = PBXFileReference; includeInIndex = 1; lastKnownFileType = text.xcconfig; name = "Pods-checklist-for-trip.release.xcconfig"; path = "Target Support Files/Pods-checklist-for-trip/Pods-checklist-for-trip.release.xcconfig"; sourceTree = "<group>"; };
		56D38B08C8D453341471EA50 /* Pods_checklist_for_trip.framework */ = {isa = PBXFileReference; explicitFileType = wrapper.framework; includeInIndex = 0; path = Pods_checklist_for_trip.framework; sourceTree = BUILT_PRODUCTS_DIR; };
		B872A16528FB35C000C97D09 /* checklist-for-trip.app */ = {isa = PBXFileReference; explicitFileType = wrapper.application; includeInIndex = 0; path = "checklist-for-trip.app"; sourceTree = BUILT_PRODUCTS_DIR; };
		B872A16828FB35C000C97D09 /* AppDelegate.swift */ = {isa = PBXFileReference; lastKnownFileType = sourcecode.swift; path = AppDelegate.swift; sourceTree = "<group>"; };
		B872A16A28FB35C000C97D09 /* SceneDelegate.swift */ = {isa = PBXFileReference; lastKnownFileType = sourcecode.swift; path = SceneDelegate.swift; sourceTree = "<group>"; };
		B872A16C28FB35C000C97D09 /* SignUpViewController.swift */ = {isa = PBXFileReference; lastKnownFileType = sourcecode.swift; path = SignUpViewController.swift; sourceTree = "<group>"; };
		B872A16F28FB35C000C97D09 /* Base */ = {isa = PBXFileReference; lastKnownFileType = file.storyboard; name = Base; path = Base.lproj/Main.storyboard; sourceTree = "<group>"; };
		B872A17128FB35C800C97D09 /* Assets.xcassets */ = {isa = PBXFileReference; lastKnownFileType = folder.assetcatalog; path = Assets.xcassets; sourceTree = "<group>"; };
		B872A17428FB35C800C97D09 /* Base */ = {isa = PBXFileReference; lastKnownFileType = file.storyboard; name = Base; path = Base.lproj/LaunchScreen.storyboard; sourceTree = "<group>"; };
		B872A17628FB35C800C97D09 /* Info.plist */ = {isa = PBXFileReference; lastKnownFileType = text.plist.xml; path = Info.plist; sourceTree = "<group>"; };
		B874C85628FB4587003DFF7C /* PlacesViewController.swift */ = {isa = PBXFileReference; lastKnownFileType = sourcecode.swift; path = PlacesViewController.swift; sourceTree = "<group>"; };
		B874C85828FB54EA003DFF7C /* AddPlaceViewController.swift */ = {isa = PBXFileReference; lastKnownFileType = sourcecode.swift; path = AddPlaceViewController.swift; sourceTree = "<group>"; };
		B874C85A28FB5AE0003DFF7C /* MapViewController.swift */ = {isa = PBXFileReference; lastKnownFileType = sourcecode.swift; path = MapViewController.swift; sourceTree = "<group>"; };
		B8D7B3E628FB64B800AE91C9 /* DetailsViewController.swift */ = {isa = PBXFileReference; lastKnownFileType = sourcecode.swift; path = DetailsViewController.swift; sourceTree = "<group>"; };
		B8D7B3E828FB6C3300AE91C9 /* PlaceModel.swift */ = {isa = PBXFileReference; lastKnownFileType = sourcecode.swift; path = PlaceModel.swift; sourceTree = "<group>"; };
		B8D7B3EA28FE06A900AE91C9 /* VisitedPlacesViewController.swift */ = {isa = PBXFileReference; lastKnownFileType = sourcecode.swift; path = VisitedPlacesViewController.swift; sourceTree = "<group>"; };
/* End PBXFileReference section */

/* Begin PBXFrameworksBuildPhase section */
		B872A16228FB35C000C97D09 /* Frameworks */ = {
			isa = PBXFrameworksBuildPhase;
			buildActionMask = 2147483647;
			files = (
				16A29F4651ED44D30CF74483 /* Pods_checklist_for_trip.framework in Frameworks */,
			);
			runOnlyForDeploymentPostprocessing = 0;
		};
/* End PBXFrameworksBuildPhase section */

/* Begin PBXGroup section */
		44414C0AC37D90FECF8D9DEF /* Pods */ = {
			isa = PBXGroup;
			children = (
				10EBFEC49BA4C9302D575E18 /* Pods-checklist-for-trip.debug.xcconfig */,
				24F7EC3D0FD6A3622527B0B5 /* Pods-checklist-for-trip.release.xcconfig */,
			);
			path = Pods;
			sourceTree = "<group>";
		};
		B872A15C28FB35C000C97D09 = {
			isa = PBXGroup;
			children = (
				B872A16728FB35C000C97D09 /* checklist-for-trip */,
				B872A16628FB35C000C97D09 /* Products */,
				44414C0AC37D90FECF8D9DEF /* Pods */,
				C294030D7CD4B9AE081DCD7C /* Frameworks */,
			);
			sourceTree = "<group>";
		};
		B872A16628FB35C000C97D09 /* Products */ = {
			isa = PBXGroup;
			children = (
				B872A16528FB35C000C97D09 /* checklist-for-trip.app */,
			);
			name = Products;
			sourceTree = "<group>";
		};
		B872A16728FB35C000C97D09 /* checklist-for-trip */ = {
			isa = PBXGroup;
			children = (
				B872A16828FB35C000C97D09 /* AppDelegate.swift */,
				B872A16A28FB35C000C97D09 /* SceneDelegate.swift */,
				B872A16C28FB35C000C97D09 /* SignUpViewController.swift */,
				B872A16E28FB35C000C97D09 /* Main.storyboard */,
				B8D7B3E628FB64B800AE91C9 /* DetailsViewController.swift */,
				B8D7B3E828FB6C3300AE91C9 /* PlaceModel.swift */,
				B874C85828FB54EA003DFF7C /* AddPlaceViewController.swift */,
				B874C85628FB4587003DFF7C /* PlacesViewController.swift */,
				B874C85A28FB5AE0003DFF7C /* MapViewController.swift */,
				B872A17128FB35C800C97D09 /* Assets.xcassets */,
				B872A17328FB35C800C97D09 /* LaunchScreen.storyboard */,
				B872A17628FB35C800C97D09 /* Info.plist */,
				B8D7B3EA28FE06A900AE91C9 /* VisitedPlacesViewController.swift */,
			);
			path = "checklist-for-trip";
			sourceTree = "<group>";
		};
		C294030D7CD4B9AE081DCD7C /* Frameworks */ = {
			isa = PBXGroup;
			children = (
				56D38B08C8D453341471EA50 /* Pods_checklist_for_trip.framework */,
			);
			name = Frameworks;
			sourceTree = "<group>";
		};
/* End PBXGroup section */

/* Begin PBXNativeTarget section */
		B872A16428FB35C000C97D09 /* checklist-for-trip */ = {
			isa = PBXNativeTarget;
			buildConfigurationList = B872A17928FB35C800C97D09 /* Build configuration list for PBXNativeTarget "checklist-for-trip" */;
			buildPhases = (
				643B1227697A58A1A1971154 /* [CP] Check Pods Manifest.lock */,
				B872A16128FB35C000C97D09 /* Sources */,
				B872A16228FB35C000C97D09 /* Frameworks */,
				B872A16328FB35C000C97D09 /* Resources */,
				006C13C888BC845625DBBDB0 /* [CP] Embed Pods Frameworks */,
			);
			buildRules = (
			);
			dependencies = (
			);
			name = "checklist-for-trip";
			productName = "checklist-for-trip";
			productReference = B872A16528FB35C000C97D09 /* checklist-for-trip.app */;
			productType = "com.apple.product-type.application";
		};
/* End PBXNativeTarget section */

/* Begin PBXProject section */
		B872A15D28FB35C000C97D09 /* Project object */ = {
			isa = PBXProject;
			attributes = {
				BuildIndependentTargetsInParallel = 1;
				LastSwiftUpdateCheck = 1400;
				LastUpgradeCheck = 1400;
				TargetAttributes = {
					B872A16428FB35C000C97D09 = {
						CreatedOnToolsVersion = 14.0.1;
					};
				};
			};
			buildConfigurationList = B872A16028FB35C000C97D09 /* Build configuration list for PBXProject "checklist-for-trip" */;
			compatibilityVersion = "Xcode 14.0";
			developmentRegion = en;
			hasScannedForEncodings = 0;
			knownRegions = (
				en,
				Base,
			);
			mainGroup = B872A15C28FB35C000C97D09;
			productRefGroup = B872A16628FB35C000C97D09 /* Products */;
			projectDirPath = "";
			projectRoot = "";
			targets = (
				B872A16428FB35C000C97D09 /* checklist-for-trip */,
			);
		};
/* End PBXProject section */

/* Begin PBXResourcesBuildPhase section */
		B872A16328FB35C000C97D09 /* Resources */ = {
			isa = PBXResourcesBuildPhase;
			buildActionMask = 2147483647;
			files = (
				B872A17528FB35C800C97D09 /* LaunchScreen.storyboard in Resources */,
				B872A17228FB35C800C97D09 /* Assets.xcassets in Resources */,
				B872A17028FB35C000C97D09 /* Main.storyboard in Resources */,
			);
			runOnlyForDeploymentPostprocessing = 0;
		};
/* End PBXResourcesBuildPhase section */

/* Begin PBXShellScriptBuildPhase section */
		006C13C888BC845625DBBDB0 /* [CP] Embed Pods Frameworks */ = {
			isa = PBXShellScriptBuildPhase;
			buildActionMask = 2147483647;
			files = (
			);
			inputFileListPaths = (
				"${PODS_ROOT}/Target Support Files/Pods-checklist-for-trip/Pods-checklist-for-trip-frameworks-${CONFIGURATION}-input-files.xcfilelist",
			);
			name = "[CP] Embed Pods Frameworks";
			outputFileListPaths = (
				"${PODS_ROOT}/Target Support Files/Pods-checklist-for-trip/Pods-checklist-for-trip-frameworks-${CONFIGURATION}-output-files.xcfilelist",
			);
			runOnlyForDeploymentPostprocessing = 0;
			shellPath = /bin/sh;
			shellScript = "\"${PODS_ROOT}/Target Support Files/Pods-checklist-for-trip/Pods-checklist-for-trip-frameworks.sh\"\n";
			showEnvVarsInLog = 0;
		};
		643B1227697A58A1A1971154 /* [CP] Check Pods Manifest.lock */ = {
			isa = PBXShellScriptBuildPhase;
			buildActionMask = 2147483647;
			files = (
			);
			inputFileListPaths = (
			);
			inputPaths = (
				"${PODS_PODFILE_DIR_PATH}/Podfile.lock",
				"${PODS_ROOT}/Manifest.lock",
			);
			name = "[CP] Check Pods Manifest.lock";
			outputFileListPaths = (
			);
			outputPaths = (
				"$(DERIVED_FILE_DIR)/Pods-checklist-for-trip-checkManifestLockResult.txt",
			);
			runOnlyForDeploymentPostprocessing = 0;
			shellPath = /bin/sh;
			shellScript = "diff \"${PODS_PODFILE_DIR_PATH}/Podfile.lock\" \"${PODS_ROOT}/Manifest.lock\" > /dev/null\nif [ $? != 0 ] ; then\n    # print error to STDERR\n    echo \"error: The sandbox is not in sync with the Podfile.lock. Run 'pod install' or update your CocoaPods installation.\" >&2\n    exit 1\nfi\n# This output is used by Xcode 'outputs' to avoid re-running this script phase.\necho \"SUCCESS\" > \"${SCRIPT_OUTPUT_FILE_0}\"\n";
			showEnvVarsInLog = 0;
		};
/* End PBXShellScriptBuildPhase section */

/* Begin PBXSourcesBuildPhase section */
		B872A16128FB35C000C97D09 /* Sources */ = {
			isa = PBXSourcesBuildPhase;
			buildActionMask = 2147483647;
			files = (
				B874C85928FB54EA003DFF7C /* AddPlaceViewController.swift in Sources */,
				B8D7B3EB28FE06A900AE91C9 /* VisitedPlacesViewController.swift in Sources */,
				B8D7B3E928FB6C3300AE91C9 /* PlaceModel.swift in Sources */,
				B874C85B28FB5AE0003DFF7C /* MapViewController.swift in Sources */,
				B874C85728FB4587003DFF7C /* PlacesViewController.swift in Sources */,
				B872A16D28FB35C000C97D09 /* SignUpViewController.swift in Sources */,
				B8D7B3E728FB64B800AE91C9 /* DetailsViewController.swift in Sources */,
				B872A16928FB35C000C97D09 /* AppDelegate.swift in Sources */,
				B872A16B28FB35C000C97D09 /* SceneDelegate.swift in Sources */,
			);
			runOnlyForDeploymentPostprocessing = 0;
		};
/* End PBXSourcesBuildPhase section */

/* Begin PBXVariantGroup section */
		B872A16E28FB35C000C97D09 /* Main.storyboard */ = {
			isa = PBXVariantGroup;
			children = (
				B872A16F28FB35C000C97D09 /* Base */,
			);
			name = Main.storyboard;
			sourceTree = "<group>";
		};
		B872A17328FB35C800C97D09 /* LaunchScreen.storyboard */ = {
			isa = PBXVariantGroup;
			children = (
				B872A17428FB35C800C97D09 /* Base */,
			);
			name = LaunchScreen.storyboard;
			sourceTree = "<group>";
		};
/* End PBXVariantGroup section */

/* Begin XCBuildConfiguration section */
		B872A17728FB35C800C97D09 /* Debug */ = {
			isa = XCBuildConfiguration;
			buildSettings = {
				ALWAYS_SEARCH_USER_PATHS = NO;
				CLANG_ANALYZER_NONNULL = YES;
				CLANG_ANALYZER_NUMBER_OBJECT_CONVERSION = YES_AGGRESSIVE;
				CLANG_CXX_LANGUAGE_STANDARD = "gnu++20";
				CLANG_ENABLE_MODULES = YES;
				CLANG_ENABLE_OBJC_ARC = YES;
				CLANG_ENABLE_OBJC_WEAK = YES;
				CLANG_WARN_BLOCK_CAPTURE_AUTORELEASING = YES;
				CLANG_WARN_BOOL_CONVERSION = YES;
				CLANG_WARN_COMMA = YES;
				CLANG_WARN_CONSTANT_CONVERSION = YES;
				CLANG_WARN_DEPRECATED_OBJC_IMPLEMENTATIONS = YES;
				CLANG_WARN_DIRECT_OBJC_ISA_USAGE = YES_ERROR;
				CLANG_WARN_DOCUMENTATION_COMMENTS = YES;
				CLANG_WARN_EMPTY_BODY = YES;
				CLANG_WARN_ENUM_CONVERSION = YES;
				CLANG_WARN_INFINITE_RECURSION = YES;
				CLANG_WARN_INT_CONVERSION = YES;
				CLANG_WARN_NON_LITERAL_NULL_CONVERSION = YES;
				CLANG_WARN_OBJC_IMPLICIT_RETAIN_SELF = YES;
				CLANG_WARN_OBJC_LITERAL_CONVERSION = YES;
				CLANG_WARN_OBJC_ROOT_CLASS = YES_ERROR;
				CLANG_WARN_QUOTED_INCLUDE_IN_FRAMEWORK_HEADER = YES;
				CLANG_WARN_RANGE_LOOP_ANALYSIS = YES;
				CLANG_WARN_STRICT_PROTOTYPES = YES;
				CLANG_WARN_SUSPICIOUS_MOVE = YES;
				CLANG_WARN_UNGUARDED_AVAILABILITY = YES_AGGRESSIVE;
				CLANG_WARN_UNREACHABLE_CODE = YES;
				CLANG_WARN__DUPLICATE_METHOD_MATCH = YES;
				COPY_PHASE_STRIP = NO;
				DEBUG_INFORMATION_FORMAT = dwarf;
				ENABLE_STRICT_OBJC_MSGSEND = YES;
				ENABLE_TESTABILITY = YES;
				GCC_C_LANGUAGE_STANDARD = gnu11;
				GCC_DYNAMIC_NO_PIC = NO;
				GCC_NO_COMMON_BLOCKS = YES;
				GCC_OPTIMIZATION_LEVEL = 0;
				GCC_PREPROCESSOR_DEFINITIONS = (
					"DEBUG=1",
					"$(inherited)",
				);
				GCC_WARN_64_TO_32_BIT_CONVERSION = YES;
				GCC_WARN_ABOUT_RETURN_TYPE = YES_ERROR;
				GCC_WARN_UNDECLARED_SELECTOR = YES;
				GCC_WARN_UNINITIALIZED_AUTOS = YES_AGGRESSIVE;
				GCC_WARN_UNUSED_FUNCTION = YES;
				GCC_WARN_UNUSED_VARIABLE = YES;
				IPHONEOS_DEPLOYMENT_TARGET = 16.0;
				MTL_ENABLE_DEBUG_INFO = INCLUDE_SOURCE;
				MTL_FAST_MATH = YES;
				ONLY_ACTIVE_ARCH = YES;
				SDKROOT = iphoneos;
				SWIFT_ACTIVE_COMPILATION_CONDITIONS = DEBUG;
				SWIFT_OPTIMIZATION_LEVEL = "-Onone";
			};
			name = Debug;
		};
		B872A17828FB35C800C97D09 /* Release */ = {
			isa = XCBuildConfiguration;
			buildSettings = {
				ALWAYS_SEARCH_USER_PATHS = NO;
				CLANG_ANALYZER_NONNULL = YES;
				CLANG_ANALYZER_NUMBER_OBJECT_CONVERSION = YES_AGGRESSIVE;
				CLANG_CXX_LANGUAGE_STANDARD = "gnu++20";
				CLANG_ENABLE_MODULES = YES;
				CLANG_ENABLE_OBJC_ARC = YES;
				CLANG_ENABLE_OBJC_WEAK = YES;
				CLANG_WARN_BLOCK_CAPTURE_AUTORELEASING = YES;
				CLANG_WARN_BOOL_CONVERSION = YES;
				CLANG_WARN_COMMA = YES;
				CLANG_WARN_CONSTANT_CONVERSION = YES;
				CLANG_WARN_DEPRECATED_OBJC_IMPLEMENTATIONS = YES;
				CLANG_WARN_DIRECT_OBJC_ISA_USAGE = YES_ERROR;
				CLANG_WARN_DOCUMENTATION_COMMENTS = YES;
				CLANG_WARN_EMPTY_BODY = YES;
				CLANG_WARN_ENUM_CONVERSION = YES;
				CLANG_WARN_INFINITE_RECURSION = YES;
				CLANG_WARN_INT_CONVERSION = YES;
				CLANG_WARN_NON_LITERAL_NULL_CONVERSION = YES;
				CLANG_WARN_OBJC_IMPLICIT_RETAIN_SELF = YES;
				CLANG_WARN_OBJC_LITERAL_CONVERSION = YES;
				CLANG_WARN_OBJC_ROOT_CLASS = YES_ERROR;
				CLANG_WARN_QUOTED_INCLUDE_IN_FRAMEWORK_HEADER = YES;
				CLANG_WARN_RANGE_LOOP_ANALYSIS = YES;
				CLANG_WARN_STRICT_PROTOTYPES = YES;
				CLANG_WARN_SUSPICIOUS_MOVE = YES;
				CLANG_WARN_UNGUARDED_AVAILABILITY = YES_AGGRESSIVE;
				CLANG_WARN_UNREACHABLE_CODE = YES;
				CLANG_WARN__DUPLICATE_METHOD_MATCH = YES;
				COPY_PHASE_STRIP = NO;
				DEBUG_INFORMATION_FORMAT = "dwarf-with-dsym";
				ENABLE_NS_ASSERTIONS = NO;
				ENABLE_STRICT_OBJC_MSGSEND = YES;
				GCC_C_LANGUAGE_STANDARD = gnu11;
				GCC_NO_COMMON_BLOCKS = YES;
				GCC_WARN_64_TO_32_BIT_CONVERSION = YES;
				GCC_WARN_ABOUT_RETURN_TYPE = YES_ERROR;
				GCC_WARN_UNDECLARED_SELECTOR = YES;
				GCC_WARN_UNINITIALIZED_AUTOS = YES_AGGRESSIVE;
				GCC_WARN_UNUSED_FUNCTION = YES;
				GCC_WARN_UNUSED_VARIABLE = YES;
				IPHONEOS_DEPLOYMENT_TARGET = 16.0;
				MTL_ENABLE_DEBUG_INFO = NO;
				MTL_FAST_MATH = YES;
				SDKROOT = iphoneos;
				SWIFT_COMPILATION_MODE = wholemodule;
				SWIFT_OPTIMIZATION_LEVEL = "-O";
				VALIDATE_PRODUCT = YES;
			};
			name = Release;
		};
		B872A17A28FB35C800C97D09 /* Debug */ = {
			isa = XCBuildConfiguration;
			baseConfigurationReference = 10EBFEC49BA4C9302D575E18 /* Pods-checklist-for-trip.debug.xcconfig */;
			buildSettings = {
				ASSETCATALOG_COMPILER_APPICON_NAME = AppIcon;
				ASSETCATALOG_COMPILER_GLOBAL_ACCENT_COLOR_NAME = AccentColor;
				CODE_SIGN_STYLE = Automatic;
				CURRENT_PROJECT_VERSION = 1;
				DEVELOPMENT_TEAM = 45M762G46Z;
				GENERATE_INFOPLIST_FILE = YES;
				INFOPLIST_FILE = "checklist-for-trip/Info.plist";
				INFOPLIST_KEY_UIApplicationSupportsIndirectInputEvents = YES;
				INFOPLIST_KEY_UILaunchStoryboardName = LaunchScreen;
				INFOPLIST_KEY_UIMainStoryboardFile = Main;
				INFOPLIST_KEY_UISupportedInterfaceOrientations_iPad = "UIInterfaceOrientationPortrait UIInterfaceOrientationPortraitUpsideDown UIInterfaceOrientationLandscapeLeft UIInterfaceOrientationLandscapeRight";
				INFOPLIST_KEY_UISupportedInterfaceOrientations_iPhone = "UIInterfaceOrientationPortrait UIInterfaceOrientationLandscapeLeft UIInterfaceOrientationLandscapeRight";
				LD_RUNPATH_SEARCH_PATHS = (
					"$(inherited)",
					"@executable_path/Frameworks",
				);
				MARKETING_VERSION = 1.0;
				PRODUCT_BUNDLE_IDENTIFIER = "com.senauzun.checklist-for-trip";
				PRODUCT_NAME = "$(TARGET_NAME)";
				SWIFT_EMIT_LOC_STRINGS = YES;
				SWIFT_VERSION = 5.0;
				TARGETED_DEVICE_FAMILY = "1,2";
			};
			name = Debug;
		};
		B872A17B28FB35C800C97D09 /* Release */ = {
			isa = XCBuildConfiguration;
			baseConfigurationReference = 24F7EC3D0FD6A3622527B0B5 /* Pods-checklist-for-trip.release.xcconfig */;
			buildSettings = {
				ASSETCATALOG_COMPILER_APPICON_NAME = AppIcon;
				ASSETCATALOG_COMPILER_GLOBAL_ACCENT_COLOR_NAME = AccentColor;
				CODE_SIGN_STYLE = Automatic;
				CURRENT_PROJECT_VERSION = 1;
				DEVELOPMENT_TEAM = 45M762G46Z;
				GENERATE_INFOPLIST_FILE = YES;
				INFOPLIST_FILE = "checklist-for-trip/Info.plist";
				INFOPLIST_KEY_UIApplicationSupportsIndirectInputEvents = YES;
				INFOPLIST_KEY_UILaunchStoryboardName = LaunchScreen;
				INFOPLIST_KEY_UIMainStoryboardFile = Main;
				INFOPLIST_KEY_UISupportedInterfaceOrientations_iPad = "UIInterfaceOrientationPortrait UIInterfaceOrientationPortraitUpsideDown UIInterfaceOrientationLandscapeLeft UIInterfaceOrientationLandscapeRight";
				INFOPLIST_KEY_UISupportedInterfaceOrientations_iPhone = "UIInterfaceOrientationPortrait UIInterfaceOrientationLandscapeLeft UIInterfaceOrientationLandscapeRight";
				LD_RUNPATH_SEARCH_PATHS = (
					"$(inherited)",
					"@executable_path/Frameworks",
				);
				MARKETING_VERSION = 1.0;
				PRODUCT_BUNDLE_IDENTIFIER = "com.senauzun.checklist-for-trip";
				PRODUCT_NAME = "$(TARGET_NAME)";
				SWIFT_EMIT_LOC_STRINGS = YES;
				SWIFT_VERSION = 5.0;
				TARGETED_DEVICE_FAMILY = "1,2";
			};
			name = Release;
		};
/* End XCBuildConfiguration section */

/* Begin XCConfigurationList section */
		B872A16028FB35C000C97D09 /* Build configuration list for PBXProject "checklist-for-trip" */ = {
			isa = XCConfigurationList;
			buildConfigurations = (
				B872A17728FB35C800C97D09 /* Debug */,
				B872A17828FB35C800C97D09 /* Release */,
			);
			defaultConfigurationIsVisible = 0;
			defaultConfigurationName = Release;
		};
		B872A17928FB35C800C97D09 /* Build configuration list for PBXNativeTarget "checklist-for-trip" */ = {
			isa = XCConfigurationList;
			buildConfigurations = (
				B872A17A28FB35C800C97D09 /* Debug */,
				B872A17B28FB35C800C97D09 /* Release */,
			);
			defaultConfigurationIsVisible = 0;
			defaultConfigurationName = Release;
		};
/* End XCConfigurationList section */
	};
	rootObject = B872A15D28FB35C000C97D09 /* Project object */;
}
